
Microsoft Visual Studio Solution File, Format Version 12.00
# Visual Studio Version 17
VisualStudioVersion = 17.0.32112.339
MinimumVisualStudioVersion = 10.0.40219.1
Project("{FAE04EC0-301F-11D3-BF4B-00C04F79EFBC}") = "A-Lenda-De-Flavius-Josephus", "A-Lenda-De-Flavius-Josephus\A-Lenda-De-Flavius-Josephus.csproj", "{D1BF629B-2EDE-49A8-B58E-07783EB62E89}"
EndProject
Global
	GlobalSection(SolutionConfigurationPlatforms) = preSolution
		Debug|Any CPU = Debug|Any CPU
		Release|Any CPU = Release|Any CPU
	EndGlobalSection
	GlobalSection(ProjectConfigurationPlatforms) = postSolution
		{D1BF629B-2EDE-49A8-B58E-07783EB62E89}.Debug|Any CPU.ActiveCfg = Debug|Any CPU
		{D1BF629B-2EDE-49A8-B58E-07783EB62E89}.Debug|Any CPU.Build.0 = Debug|Any CPU
		{D1BF629B-2EDE-49A8-B58E-07783EB62E89}.Release|Any CPU.ActiveCfg = Release|Any CPU
		{D1BF629B-2EDE-49A8-B58E-07783EB62E89}.Release|Any CPU.Build.0 = Release|Any CPU
	EndGlobalSection
	GlobalSection(SolutionProperties) = preSolution
		HideSolutionNode = FALSE
	EndGlobalSection
	GlobalSection(ExtensibilityGlobals) = postSolution
		SolutionGuid = {5B755CAB-4B00-4B93-89DA-FA3C81B48143}
	EndGlobalSection
EndGlobal
